
Microsoft Visual Studio Solution File, Format Version 12.00
# Visual Studio Version 16
VisualStudioVersion = 16.0.32929.386
MinimumVisualStudioVersion = 10.0.40219.1
Project("{FAE04EC0-301F-11D3-BF4B-00C04F79EFBC}") = "TenthNov", "TenthNov\TenthNov.csproj", "{36FD5666-C6DC-48DF-A1DC-70F1B68AB612}"
EndProject
Global
	GlobalSection(SolutionConfigurationPlatforms) = preSolution
		Debug|Any CPU = Debug|Any CPU
		Release|Any CPU = Release|Any CPU
	EndGlobalSection
	GlobalSection(ProjectConfigurationPlatforms) = postSolution
		{36FD5666-C6DC-48DF-A1DC-70F1B68AB612}.Debug|Any CPU.ActiveCfg = Debug|Any CPU
		{36FD5666-C6DC-48DF-A1DC-70F1B68AB612}.Debug|Any CPU.Build.0 = Debug|Any CPU
		{36FD5666-C6DC-48DF-A1DC-70F1B68AB612}.Release|Any CPU.ActiveCfg = Release|Any CPU
		{36FD5666-C6DC-48DF-A1DC-70F1B68AB612}.Release|Any CPU.Build.0 = Release|Any CPU
	EndGlobalSection
	GlobalSection(SolutionProperties) = preSolution
		HideSolutionNode = FALSE
	EndGlobalSection
	GlobalSection(ExtensibilityGlobals) = postSolution
		SolutionGuid = {0F32272D-2F2F-4A75-B309-B6BBA213AEF7}
	EndGlobalSection
EndGlobal
